
Microsoft Visual Studio Solution File, Format Version 12.00
# Visual Studio Version 17
VisualStudioVersion = 17.5.33530.505
MinimumVisualStudioVersion = 10.0.40219.1
Project("{FAE04EC0-301F-11D3-BF4B-00C04F79EFBC}") = "UnitTestProject1", "UnitTestProject1.csproj", "{B078F110-A9B2-4887-9912-20979FAE2B03}"
EndProject
Global
	GlobalSection(SolutionConfigurationPlatforms) = preSolution
		Debug|Any CPU = Debug|Any CPU
		Release|Any CPU = Release|Any CPU
	EndGlobalSection
	GlobalSection(ProjectConfigurationPlatforms) = postSolution
		{B078F110-A9B2-4887-9912-20979FAE2B03}.Debug|Any CPU.ActiveCfg = Debug|Any CPU
		{B078F110-A9B2-4887-9912-20979FAE2B03}.Debug|Any CPU.Build.0 = Debug|Any CPU
		{B078F110-A9B2-4887-9912-20979FAE2B03}.Release|Any CPU.ActiveCfg = Release|Any CPU
		{B078F110-A9B2-4887-9912-20979FAE2B03}.Release|Any CPU.Build.0 = Release|Any CPU
	EndGlobalSection
	GlobalSection(SolutionProperties) = preSolution
		HideSolutionNode = FALSE
	EndGlobalSection
	GlobalSection(ExtensibilityGlobals) = postSolution
		SolutionGuid = {53F75A8A-F888-4F98-9F39-9F9E7ED97817}
	EndGlobalSection
EndGlobal
